
Microsoft Visual Studio Solution File, Format Version 12.00
# Visual Studio 2017
Project("{FAE04EC0-301F-11D3-BF4B-00C04F79EFBC}") = "E001FindAWay", "E001FindAWay.csproj", "{B964E312-2891-A4C2-A8B2-ABEE19D9770B}"
EndProject
Global
	GlobalSection(SolutionConfigurationPlatforms) = preSolution
		Debug|Any CPU = Debug|Any CPU
		Release|Any CPU = Release|Any CPU
	EndGlobalSection
	GlobalSection(ProjectConfigurationPlatforms) = postSolution
		{B964E312-2891-A4C2-A8B2-ABEE19D9770B}.Debug|Any CPU.ActiveCfg = Debug|Any CPU
		{B964E312-2891-A4C2-A8B2-ABEE19D9770B}.Debug|Any CPU.Build.0 = Debug|Any CPU
		{B964E312-2891-A4C2-A8B2-ABEE19D9770B}.Release|Any CPU.ActiveCfg = Release|Any CPU
		{B964E312-2891-A4C2-A8B2-ABEE19D9770B}.Release|Any CPU.Build.0 = Release|Any CPU
	EndGlobalSection
	GlobalSection(SolutionProperties) = preSolution
		HideSolutionNode = FALSE
	EndGlobalSection
EndGlobal
