
Microsoft Visual Studio Solution File, Format Version 12.00
# Visual Studio 2017
Project("{FAE04EC0-301F-11D3-BF4B-00C04F79EFBC}") = "E002RenderALine", "E002RenderALine.csproj", "{4874DB79-A3A5-52B7-0ED1-6FC4176CF929}"
EndProject
Global
	GlobalSection(SolutionConfigurationPlatforms) = preSolution
		Debug|Any CPU = Debug|Any CPU
		Release|Any CPU = Release|Any CPU
	EndGlobalSection
	GlobalSection(ProjectConfigurationPlatforms) = postSolution
		{4874DB79-A3A5-52B7-0ED1-6FC4176CF929}.Debug|Any CPU.ActiveCfg = Debug|Any CPU
		{4874DB79-A3A5-52B7-0ED1-6FC4176CF929}.Debug|Any CPU.Build.0 = Debug|Any CPU
		{4874DB79-A3A5-52B7-0ED1-6FC4176CF929}.Release|Any CPU.ActiveCfg = Release|Any CPU
		{4874DB79-A3A5-52B7-0ED1-6FC4176CF929}.Release|Any CPU.Build.0 = Release|Any CPU
	EndGlobalSection
	GlobalSection(SolutionProperties) = preSolution
		HideSolutionNode = FALSE
	EndGlobalSection
EndGlobal
